// !$*UTF8*$!
{
	archiveVersion = 1;
	classes = {
	};
	objectVersion = 50;
	objects = {

/* Begin PBXBuildFile section */
		BCB6494120AE695E0037F644 /* AppDelegate.m in Sources */ = {isa = PBXBuildFile; fileRef = BCB6494020AE695E0037F644 /* AppDelegate.m */; };
		BCB6494420AE695E0037F644 /* FirstViewController.m in Sources */ = {isa = PBXBuildFile; fileRef = BCB6494320AE695E0037F644 /* FirstViewController.m */; };
		BCB6494720AE695E0037F644 /* SecondViewController.m in Sources */ = {isa = PBXBuildFile; fileRef = BCB6494620AE695E0037F644 /* SecondViewController.m */; };
		BCB6494A20AE695E0037F644 /* Main.storyboard in Resources */ = {isa = PBXBuildFile; fileRef = BCB6494820AE695E0037F644 /* Main.storyboard */; };
		BCB6494C20AE69600037F644 /* Assets.xcassets in Resources */ = {isa = PBXBuildFile; fileRef = BCB6494B20AE69600037F644 /* Assets.xcassets */; };
		BCB6494F20AE69600037F644 /* LaunchScreen.storyboard in Resources */ = {isa = PBXBuildFile; fileRef = BCB6494D20AE69600037F644 /* LaunchScreen.storyboard */; };
		BCB6495220AE69600037F644 /* main.m in Sources */ = {isa = PBXBuildFile; fileRef = BCB6495120AE69600037F644 /* main.m */; };
/* End PBXBuildFile section */

/* Begin PBXFileReference section */
		BCB6493C20AE695E0037F644 /* KYSecurityDefenseDemo.app */ = {isa = PBXFileReference; explicitFileType = wrapper.application; includeInIndex = 0; path = KYSecurityDefenseDemo.app; sourceTree = BUILT_PRODUCTS_DIR; };
		BCB6493F20AE695E0037F644 /* AppDelegate.h */ = {isa = PBXFileReference; lastKnownFileType = sourcecode.c.h; path = AppDelegate.h; sourceTree = "<group>"; };
		BCB6494020AE695E0037F644 /* AppDelegate.m */ = {isa = PBXFileReference; lastKnownFileType = sourcecode.c.objc; path = AppDelegate.m; sourceTree = "<group>"; };
		BCB6494220AE695E0037F644 /* FirstViewController.h */ = {isa = PBXFileReference; lastKnownFileType = sourcecode.c.h; path = FirstViewController.h; sourceTree = "<group>"; };
		BCB6494320AE695E0037F644 /* FirstViewController.m */ = {isa = PBXFileReference; lastKnownFileType = sourcecode.c.objc; path = FirstViewController.m; sourceTree = "<group>"; };
		BCB6494520AE695E0037F644 /* SecondViewController.h */ = {isa = PBXFileReference; lastKnownFileType = sourcecode.c.h; path = SecondViewController.h; sourceTree = "<group>"; };
		BCB6494620AE695E0037F644 /* SecondViewController.m */ = {isa = PBXFileReference; lastKnownFileType = sourcecode.c.objc; path = SecondViewController.m; sourceTree = "<group>"; };
		BCB6494920AE695E0037F644 /* Base */ = {isa = PBXFileReference; lastKnownFileType = file.storyboard; name = Base; path = Base.lproj/Main.storyboard; sourceTree = "<group>"; };
		BCB6494B20AE69600037F644 /* Assets.xcassets */ = {isa = PBXFileReference; lastKnownFileType = folder.assetcatalog; path = Assets.xcassets; sourceTree = "<group>"; };
		BCB6494E20AE69600037F644 /* Base */ = {isa = PBXFileReference; lastKnownFileType = file.storyboard; name = Base; path = Base.lproj/LaunchScreen.storyboard; sourceTree = "<group>"; };
		BCB6495020AE69600037F644 /* Info.plist */ = {isa = PBXFileReference; lastKnownFileType = text.plist.xml; path = Info.plist; sourceTree = "<group>"; };
		BCB6495120AE69600037F644 /* main.m */ = {isa = PBXFileReference; lastKnownFileType = sourcecode.c.objc; path = main.m; sourceTree = "<group>"; };
/* End PBXFileReference section */

/* Begin PBXFrameworksBuildPhase section */
		BCB6493920AE695E0037F644 /* Frameworks */ = {
			isa = PBXFrameworksBuildPhase;
			buildActionMask = 2147483647;
			files = (
			);
			runOnlyForDeploymentPostprocessing = 0;
		};
/* End PBXFrameworksBuildPhase section */

/* Begin PBXGroup section */
		BCB6493320AE695E0037F644 = {
			isa = PBXGroup;
			children = (
				BCB6493E20AE695E0037F644 /* KYSecurityDefenseDemo */,
				BCB6493D20AE695E0037F644 /* Products */,
			);
			sourceTree = "<group>";
		};
		BCB6493D20AE695E0037F644 /* Products */ = {
			isa = PBXGroup;
			children = (
				BCB6493C20AE695E0037F644 /* KYSecurityDefenseDemo.app */,
			);
			name = Products;
			sourceTree = "<group>";
		};
		BCB6493E20AE695E0037F644 /* KYSecurityDefenseDemo */ = {
			isa = PBXGroup;
			children = (
				BCB6493F20AE695E0037F644 /* AppDelegate.h */,
				BCB6494020AE695E0037F644 /* AppDelegate.m */,
				BCB6494220AE695E0037F644 /* FirstViewController.h */,
				BCB6494320AE695E0037F644 /* FirstViewController.m */,
				BCB6494520AE695E0037F644 /* SecondViewController.h */,
				BCB6494620AE695E0037F644 /* SecondViewController.m */,
				BCB6494820AE695E0037F644 /* Main.storyboard */,
				BCB6494B20AE69600037F644 /* Assets.xcassets */,
				BCB6494D20AE69600037F644 /* LaunchScreen.storyboard */,
				BCB6495020AE69600037F644 /* Info.plist */,
				BCB6495120AE69600037F644 /* main.m */,
			);
			path = KYSecurityDefenseDemo;
			sourceTree = "<group>";
		};
/* End PBXGroup section */

/* Begin PBXNativeTarget section */
		BCB6493B20AE695E0037F644 /* KYSecurityDefenseDemo */ = {
			isa = PBXNativeTarget;
			buildConfigurationList = BCB6495520AE69600037F644 /* Build configuration list for PBXNativeTarget "KYSecurityDefenseDemo" */;
			buildPhases = (
				BCB6493820AE695E0037F644 /* Sources */,
				BCB6493920AE695E0037F644 /* Frameworks */,
				BCB6493A20AE695E0037F644 /* Resources */,
			);
			buildRules = (
			);
			dependencies = (
			);
			name = KYSecurityDefenseDemo;
			productName = KYSecurityDefenseDemo;
			productReference = BCB6493C20AE695E0037F644 /* KYSecurityDefenseDemo.app */;
			productType = "com.apple.product-type.application";
		};
/* End PBXNativeTarget section */

/* Begin PBXProject section */
		BCB6493420AE695E0037F644 /* Project object */ = {
			isa = PBXProject;
			attributes = {
				LastUpgradeCheck = 0930;
				ORGANIZATIONNAME = "Bambooclound Co., Ltd.";
				TargetAttributes = {
					BCB6493B20AE695E0037F644 = {
						CreatedOnToolsVersion = 9.3;
					};
				};
			};
			buildConfigurationList = BCB6493720AE695E0037F644 /* Build configuration list for PBXProject "KYSecurityDefenseDemo" */;
			compatibilityVersion = "Xcode 9.3";
			developmentRegion = en;
			hasScannedForEncodings = 0;
			knownRegions = (
				en,
				Base,
			);
			mainGroup = BCB6493320AE695E0037F644;
			productRefGroup = BCB6493D20AE695E0037F644 /* Products */;
			projectDirPath = "";
			projectRoot = "";
			targets = (
				BCB6493B20AE695E0037F644 /* KYSecurityDefenseDemo */,
			);
		};
/* End PBXProject section */

/* Begin PBXResourcesBuildPhase section */
		BCB6493A20AE695E0037F644 /* Resources */ = {
			isa = PBXResourcesBuildPhase;
			buildActionMask = 2147483647;
			files = (
				BCB6494F20AE69600037F644 /* LaunchScreen.storyboard in Resources */,
				BCB6494C20AE69600037F644 /* Assets.xcassets in Resources */,
				BCB6494A20AE695E0037F644 /* Main.storyboard in Resources */,
			);
			runOnlyForDeploymentPostprocessing = 0;
		};
/* End PBXResourcesBuildPhase section */

/* Begin PBXSourcesBuildPhase section */
		BCB6493820AE695E0037F644 /* Sources */ = {
			isa = PBXSourcesBuildPhase;
			buildActionMask = 2147483647;
			files = (
				BCB6494720AE695E0037F644 /* SecondViewController.m in Sources */,
				BCB6494120AE695E0037F644 /* AppDelegate.m in Sources */,
				BCB6495220AE69600037F644 /* main.m in Sources */,
				BCB6494420AE695E0037F644 /* FirstViewController.m in Sources */,
			);
			runOnlyForDeploymentPostprocessing = 0;
		};
/* End PBXSourcesBuildPhase section */

/* Begin PBXVariantGroup section */
		BCB6494820AE695E0037F644 /* Main.storyboard */ = {
			isa = PBXVariantGroup;
			children = (
				BCB6494920AE695E0037F644 /* Base */,
			);
			name = Main.storyboard;
			sourceTree = "<group>";
		};
		BCB6494D20AE69600037F644 /* LaunchScreen.storyboard */ = {
			isa = PBXVariantGroup;
			children = (
				BCB6494E20AE69600037F644 /* Base */,
			);
			name = LaunchScreen.storyboard;
			sourceTree = "<group>";
		};
/* End PBXVariantGroup section */

/* Begin XCBuildConfiguration section */
		BCB6495320AE69600037F644 /* Debug */ = {
			isa = XCBuildConfiguration;
			buildSettings = {
				ALWAYS_SEARCH_USER_PATHS = NO;
				CLANG_ANALYZER_NONNULL = YES;
				CLANG_ANALYZER_NUMBER_OBJECT_CONVERSION = YES_AGGRESSIVE;
				CLANG_CXX_LANGUAGE_STANDARD = "gnu++14";
				CLANG_CXX_LIBRARY = "libc++";
				CLANG_ENABLE_MODULES = YES;
				CLANG_ENABLE_OBJC_ARC = YES;
				CLANG_ENABLE_OBJC_WEAK = YES;
				CLANG_WARN_BLOCK_CAPTURE_AUTORELEASING = YES;
				CLANG_WARN_BOOL_CONVERSION = YES;
				CLANG_WARN_COMMA = YES;
				CLANG_WARN_CONSTANT_CONVERSION = YES;
				CLANG_WARN_DEPRECATED_OBJC_IMPLEMENTATIONS = YES;
				CLANG_WARN_DIRECT_OBJC_ISA_USAGE = YES_ERROR;
				CLANG_WARN_DOCUMENTATION_COMMENTS = YES;
				CLANG_WARN_EMPTY_BODY = YES;
				CLANG_WARN_ENUM_CONVERSION = YES;
				CLANG_WARN_INFINITE_RECURSION = YES;
				CLANG_WARN_INT_CONVERSION = YES;
				CLANG_WARN_NON_LITERAL_NULL_CONVERSION = YES;
				CLANG_WARN_OBJC_IMPLICIT_RETAIN_SELF = YES;
				CLANG_WARN_OBJC_LITERAL_CONVERSION = YES;
				CLANG_WARN_OBJC_ROOT_CLASS = YES_ERROR;
				CLANG_WARN_RANGE_LOOP_ANALYSIS = YES;
				CLANG_WARN_STRICT_PROTOTYPES = YES;
				CLANG_WARN_SUSPICIOUS_MOVE = YES;
				CLANG_WARN_UNGUARDED_AVAILABILITY = YES_AGGRESSIVE;
				CLANG_WARN_UNREACHABLE_CODE = YES;
				CLANG_WARN__DUPLICATE_METHOD_MATCH = YES;
				CODE_SIGN_IDENTITY = "iPhone Developer";
				COPY_PHASE_STRIP = NO;
				DEBUG_INFORMATION_FORMAT = dwarf;
				ENABLE_STRICT_OBJC_MSGSEND = YES;
				ENABLE_TESTABILITY = YES;
				GCC_C_LANGUAGE_STANDARD = gnu11;
				GCC_DYNAMIC_NO_PIC = NO;
				GCC_NO_COMMON_BLOCKS = YES;
				GCC_OPTIMIZATION_LEVEL = 0;
				GCC_PREPROCESSOR_DEFINITIONS = (
					"DEBUG=1",
					"$(inherited)",
				);
				GCC_WARN_64_TO_32_BIT_CONVERSION = YES;
				GCC_WARN_ABOUT_RETURN_TYPE = YES_ERROR;
				GCC_WARN_UNDECLARED_SELECTOR = YES;
				GCC_WARN_UNINITIALIZED_AUTOS = YES_AGGRESSIVE;
				GCC_WARN_UNUSED_FUNCTION = YES;
				GCC_WARN_UNUSED_VARIABLE = YES;
				IPHONEOS_DEPLOYMENT_TARGET = 11.3;
				MTL_ENABLE_DEBUG_INFO = YES;
				ONLY_ACTIVE_ARCH = YES;
				SDKROOT = iphoneos;
			};
			name = Debug;
		};
		BCB6495420AE69600037F644 /* Release */ = {
			isa = XCBuildConfiguration;
			buildSettings = {
				ALWAYS_SEARCH_USER_PATHS = NO;
				CLANG_ANALYZER_NONNULL = YES;
				CLANG_ANALYZER_NUMBER_OBJECT_CONVERSION = YES_AGGRESSIVE;
				CLANG_CXX_LANGUAGE_STANDARD = "gnu++14";
				CLANG_CXX_LIBRARY = "libc++";
				CLANG_ENABLE_MODULES = YES;
				CLANG_ENABLE_OBJC_ARC = YES;
				CLANG_ENABLE_OBJC_WEAK = YES;
				CLANG_WARN_BLOCK_CAPTURE_AUTORELEASING = YES;
				CLANG_WARN_BOOL_CONVERSION = YES;
				CLANG_WARN_COMMA = YES;
				CLANG_WARN_CONSTANT_CONVERSION = YES;
				CLANG_WARN_DEPRECATED_OBJC_IMPLEMENTATIONS = YES;
				CLANG_WARN_DIRECT_OBJC_ISA_USAGE = YES_ERROR;
				CLANG_WARN_DOCUMENTATION_COMMENTS = YES;
				CLANG_WARN_EMPTY_BODY = YES;
				CLANG_WARN_ENUM_CONVERSION = YES;
				CLANG_WARN_INFINITE_RECURSION = YES;
				CLANG_WARN_INT_CONVERSION = YES;
				CLANG_WARN_NON_LITERAL_NULL_CONVERSION = YES;
				CLANG_WARN_OBJC_IMPLICIT_RETAIN_SELF = YES;
				CLANG_WARN_OBJC_LITERAL_CONVERSION = YES;
				CLANG_WARN_OBJC_ROOT_CLASS = YES_ERROR;
				CLANG_WARN_RANGE_LOOP_ANALYSIS = YES;
				CLANG_WARN_STRICT_PROTOTYPES = YES;
				CLANG_WARN_SUSPICIOUS_MOVE = YES;
				CLANG_WARN_UNGUARDED_AVAILABILITY = YES_AGGRESSIVE;
				CLANG_WARN_UNREACHABLE_CODE = YES;
				CLANG_WARN__DUPLICATE_METHOD_MATCH = YES;
				CODE_SIGN_IDENTITY = "iPhone Developer";
				COPY_PHASE_STRIP = NO;
				DEBUG_INFORMATION_FORMAT = "dwarf-with-dsym";
				ENABLE_NS_ASSERTIONS = NO;
				ENABLE_STRICT_OBJC_MSGSEND = YES;
				GCC_C_LANGUAGE_STANDARD = gnu11;
				GCC_NO_COMMON_BLOCKS = YES;
				GCC_WARN_64_TO_32_BIT_CONVERSION = YES;
				GCC_WARN_ABOUT_RETURN_TYPE = YES_ERROR;
				GCC_WARN_UNDECLARED_SELECTOR = YES;
				GCC_WARN_UNINITIALIZED_AUTOS = YES_AGGRESSIVE;
				GCC_WARN_UNUSED_FUNCTION = YES;
				GCC_WARN_UNUSED_VARIABLE = YES;
				IPHONEOS_DEPLOYMENT_TARGET = 11.3;
				MTL_ENABLE_DEBUG_INFO = NO;
				SDKROOT = iphoneos;
				VALIDATE_PRODUCT = YES;
			};
			name = Release;
		};
		BCB6495620AE69600037F644 /* Debug */ = {
			isa = XCBuildConfiguration;
			buildSettings = {
				ASSETCATALOG_COMPILER_APPICON_NAME = AppIcon;
				CODE_SIGN_STYLE = Automatic;
				DEVELOPMENT_TEAM = KE5MJRYE2S;
				INFOPLIST_FILE = KYSecurityDefenseDemo/Info.plist;
				LD_RUNPATH_SEARCH_PATHS = (
					"$(inherited)",
					"@executable_path/Frameworks",
				);
				PRODUCT_BUNDLE_IDENTIFIER = com.bc.KYSecurityDefenseDemo;
				PRODUCT_NAME = "$(TARGET_NAME)";
				TARGETED_DEVICE_FAMILY = "1,2";
			};
			name = Debug;
		};
		BCB6495720AE69600037F644 /* Release */ = {
			isa = XCBuildConfiguration;
			buildSettings = {
				ASSETCATALOG_COMPILER_APPICON_NAME = AppIcon;
				CODE_SIGN_STYLE = Automatic;
				DEVELOPMENT_TEAM = KE5MJRYE2S;
				INFOPLIST_FILE = KYSecurityDefenseDemo/Info.plist;
				LD_RUNPATH_SEARCH_PATHS = (
					"$(inherited)",
					"@executable_path/Frameworks",
				);
				PRODUCT_BUNDLE_IDENTIFIER = com.bc.KYSecurityDefenseDemo;
				PRODUCT_NAME = "$(TARGET_NAME)";
				TARGETED_DEVICE_FAMILY = "1,2";
			};
			name = Release;
		};
/* End XCBuildConfiguration section */

/* Begin XCConfigurationList section */
		BCB6493720AE695E0037F644 /* Build configuration list for PBXProject "KYSecurityDefenseDemo" */ = {
			isa = XCConfigurationList;
			buildConfigurations = (
				BCB6495320AE69600037F644 /* Debug */,
				BCB6495420AE69600037F644 /* Release */,
			);
			defaultConfigurationIsVisible = 0;
			defaultConfigurationName = Release;
		};
		BCB6495520AE69600037F644 /* Build configuration list for PBXNativeTarget "KYSecurityDefenseDemo" */ = {
			isa = XCConfigurationList;
			buildConfigurations = (
				BCB6495620AE69600037F644 /* Debug */,
				BCB6495720AE69600037F644 /* Release */,
			);
			defaultConfigurationIsVisible = 0;
			defaultConfigurationName = Release;
		};
/* End XCConfigurationList section */
	};
	rootObject = BCB6493420AE695E0037F644 /* Project object */;
}
